
Microsoft Visual Studio Solution File, Format Version 12.00
# Visual Studio Version 17
VisualStudioVersion = 17.4.33122.133
MinimumVisualStudioVersion = 10.0.40219.1
Project("{FAE04EC0-301F-11D3-BF4B-00C04F79EFBC}") = "MonkeSkys-PC", "MonkeSkys-PC\MonkeSkys-PC.csproj", "{3F55313C-230C-40EB-AC4C-4F26B9DE3787}"
EndProject
Global
	GlobalSection(SolutionConfigurationPlatforms) = preSolution
		Debug|Any CPU = Debug|Any CPU
		Release|Any CPU = Release|Any CPU
	EndGlobalSection
	GlobalSection(ProjectConfigurationPlatforms) = postSolution
		{3F55313C-230C-40EB-AC4C-4F26B9DE3787}.Debug|Any CPU.ActiveCfg = Debug|Any CPU
		{3F55313C-230C-40EB-AC4C-4F26B9DE3787}.Debug|Any CPU.Build.0 = Debug|Any CPU
		{3F55313C-230C-40EB-AC4C-4F26B9DE3787}.Release|Any CPU.ActiveCfg = Release|Any CPU
		{3F55313C-230C-40EB-AC4C-4F26B9DE3787}.Release|Any CPU.Build.0 = Release|Any CPU
	EndGlobalSection
	GlobalSection(SolutionProperties) = preSolution
		HideSolutionNode = FALSE
	EndGlobalSection
	GlobalSection(ExtensibilityGlobals) = postSolution
		SolutionGuid = {6A3AAD3F-3D37-4BC4-8469-C6A10B4A1AEA}
	EndGlobalSection
EndGlobal
